
Microsoft Visual Studio Solution File, Format Version 12.00
# Visual Studio Version 17
VisualStudioVersion = 17.9.34607.119
MinimumVisualStudioVersion = 10.0.40219.1
Project("{FAE04EC0-301F-11D3-BF4B-00C04F79EFBC}") = "GUI", "GUI.csproj", "{428EB212-BDEB-4687-84BB-27922232DB4A}"
EndProject
Project("{FAE04EC0-301F-11D3-BF4B-00C04F79EFBC}") = "DTO", "..\DTO\DTO.csproj", "{B8F396F6-3FE6-4056-9D6B-3448146580F6}"
EndProject
Project("{FAE04EC0-301F-11D3-BF4B-00C04F79EFBC}") = "DAL", "..\DAL\DAL.csproj", "{63D1E106-EF81-4E6A-BF71-D9B3205B0EC5}"
EndProject
Project("{FAE04EC0-301F-11D3-BF4B-00C04F79EFBC}") = "BUS", "..\BUS\BUS.csproj", "{EF01B9CA-0772-4935-BEFB-5D3CA43CEF34}"
EndProject
Global
	GlobalSection(SolutionConfigurationPlatforms) = preSolution
		Debug|Any CPU = Debug|Any CPU
		Release|Any CPU = Release|Any CPU
	EndGlobalSection
	GlobalSection(ProjectConfigurationPlatforms) = postSolution
		{428EB212-BDEB-4687-84BB-27922232DB4A}.Debug|Any CPU.ActiveCfg = Debug|Any CPU
		{428EB212-BDEB-4687-84BB-27922232DB4A}.Debug|Any CPU.Build.0 = Debug|Any CPU
		{428EB212-BDEB-4687-84BB-27922232DB4A}.Release|Any CPU.ActiveCfg = Release|Any CPU
		{428EB212-BDEB-4687-84BB-27922232DB4A}.Release|Any CPU.Build.0 = Release|Any CPU
		{B8F396F6-3FE6-4056-9D6B-3448146580F6}.Debug|Any CPU.ActiveCfg = Debug|Any CPU
		{B8F396F6-3FE6-4056-9D6B-3448146580F6}.Debug|Any CPU.Build.0 = Debug|Any CPU
		{B8F396F6-3FE6-4056-9D6B-3448146580F6}.Release|Any CPU.ActiveCfg = Release|Any CPU
		{B8F396F6-3FE6-4056-9D6B-3448146580F6}.Release|Any CPU.Build.0 = Release|Any CPU
		{63D1E106-EF81-4E6A-BF71-D9B3205B0EC5}.Debug|Any CPU.ActiveCfg = Debug|Any CPU
		{63D1E106-EF81-4E6A-BF71-D9B3205B0EC5}.Debug|Any CPU.Build.0 = Debug|Any CPU
		{63D1E106-EF81-4E6A-BF71-D9B3205B0EC5}.Release|Any CPU.ActiveCfg = Release|Any CPU
		{63D1E106-EF81-4E6A-BF71-D9B3205B0EC5}.Release|Any CPU.Build.0 = Release|Any CPU
		{EF01B9CA-0772-4935-BEFB-5D3CA43CEF34}.Debug|Any CPU.ActiveCfg = Debug|Any CPU
		{EF01B9CA-0772-4935-BEFB-5D3CA43CEF34}.Debug|Any CPU.Build.0 = Debug|Any CPU
		{EF01B9CA-0772-4935-BEFB-5D3CA43CEF34}.Release|Any CPU.ActiveCfg = Release|Any CPU
		{EF01B9CA-0772-4935-BEFB-5D3CA43CEF34}.Release|Any CPU.Build.0 = Release|Any CPU
	EndGlobalSection
	GlobalSection(SolutionProperties) = preSolution
		HideSolutionNode = FALSE
	EndGlobalSection
	GlobalSection(ExtensibilityGlobals) = postSolution
		SolutionGuid = {FA17CEA3-2790-4AE5-83F9-660F45F92E26}
	EndGlobalSection
EndGlobal
