
Microsoft Visual Studio Solution File, Format Version 12.00
# Visual Studio Version 17
VisualStudioVersion = 17.4.33205.214
MinimumVisualStudioVersion = 10.0.40219.1
Project("{FAE04EC0-301F-11D3-BF4B-00C04F79EFBC}") = "Lab3_Ca4_Thu6", "Lab3_Ca4_Thu6.csproj", "{F7A0AD46-AC9C-47AF-AA6F-EC316C996674}"
EndProject
Global
	GlobalSection(SolutionConfigurationPlatforms) = preSolution
		Debug|Any CPU = Debug|Any CPU
		Release|Any CPU = Release|Any CPU
	EndGlobalSection
	GlobalSection(ProjectConfigurationPlatforms) = postSolution
		{F7A0AD46-AC9C-47AF-AA6F-EC316C996674}.Debug|Any CPU.ActiveCfg = Debug|Any CPU
		{F7A0AD46-AC9C-47AF-AA6F-EC316C996674}.Debug|Any CPU.Build.0 = Debug|Any CPU
		{F7A0AD46-AC9C-47AF-AA6F-EC316C996674}.Release|Any CPU.ActiveCfg = Release|Any CPU
		{F7A0AD46-AC9C-47AF-AA6F-EC316C996674}.Release|Any CPU.Build.0 = Release|Any CPU
	EndGlobalSection
	GlobalSection(SolutionProperties) = preSolution
		HideSolutionNode = FALSE
	EndGlobalSection
	GlobalSection(ExtensibilityGlobals) = postSolution
		SolutionGuid = {52F72CD2-C4F9-4103-A0DD-2FA265D555BC}
	EndGlobalSection
EndGlobal
